
Microsoft Visual Studio Solution File, Format Version 12.00
# Visual Studio 15
VisualStudioVersion = 15.0.26430.14
MinimumVisualStudioVersion = 10.0.40219.1
Project("{FAE04EC0-301F-11D3-BF4B-00C04F79EFBC}") = "DotNetExperimentation", "DotNetExperimentation\DotNetExperimentation.csproj", "{DBBA874D-A674-4B78-9B7D-68494B48916D}"
EndProject
Project("{FAE04EC0-301F-11D3-BF4B-00C04F79EFBC}") = "ResultsTableTransformation", "ResultsTableTransformation\ResultsTableTransformation.csproj", "{089297A8-4F1D-4B7A-9478-7A715325CBA7}"
EndProject
Project("{FAE04EC0-301F-11D3-BF4B-00C04F79EFBC}") = "ExpressionTreesCopying", "ExpressionTreesCopying\ExpressionTreesCopying.csproj", "{0374860C-2C84-402D-B656-15B8031CF653}"
EndProject
Project("{FAE04EC0-301F-11D3-BF4B-00C04F79EFBC}") = "CSharpSeven", "CSharpSeven\CSharpSeven.csproj", "{595CEF84-F42A-4E1E-AEAE-989973DCA8C0}"
EndProject
Global
	GlobalSection(SolutionConfigurationPlatforms) = preSolution
		Debug|Any CPU = Debug|Any CPU
		Release|Any CPU = Release|Any CPU
	EndGlobalSection
	GlobalSection(ProjectConfigurationPlatforms) = postSolution
		{DBBA874D-A674-4B78-9B7D-68494B48916D}.Debug|Any CPU.ActiveCfg = Debug|Any CPU
		{DBBA874D-A674-4B78-9B7D-68494B48916D}.Debug|Any CPU.Build.0 = Debug|Any CPU
		{DBBA874D-A674-4B78-9B7D-68494B48916D}.Release|Any CPU.ActiveCfg = Release|Any CPU
		{DBBA874D-A674-4B78-9B7D-68494B48916D}.Release|Any CPU.Build.0 = Release|Any CPU
		{089297A8-4F1D-4B7A-9478-7A715325CBA7}.Debug|Any CPU.ActiveCfg = Debug|Any CPU
		{089297A8-4F1D-4B7A-9478-7A715325CBA7}.Debug|Any CPU.Build.0 = Debug|Any CPU
		{089297A8-4F1D-4B7A-9478-7A715325CBA7}.Release|Any CPU.ActiveCfg = Release|Any CPU
		{089297A8-4F1D-4B7A-9478-7A715325CBA7}.Release|Any CPU.Build.0 = Release|Any CPU
		{0374860C-2C84-402D-B656-15B8031CF653}.Debug|Any CPU.ActiveCfg = Debug|Any CPU
		{0374860C-2C84-402D-B656-15B8031CF653}.Debug|Any CPU.Build.0 = Debug|Any CPU
		{0374860C-2C84-402D-B656-15B8031CF653}.Release|Any CPU.ActiveCfg = Release|Any CPU
		{0374860C-2C84-402D-B656-15B8031CF653}.Release|Any CPU.Build.0 = Release|Any CPU
		{595CEF84-F42A-4E1E-AEAE-989973DCA8C0}.Debug|Any CPU.ActiveCfg = Debug|Any CPU
		{595CEF84-F42A-4E1E-AEAE-989973DCA8C0}.Debug|Any CPU.Build.0 = Debug|Any CPU
		{595CEF84-F42A-4E1E-AEAE-989973DCA8C0}.Release|Any CPU.ActiveCfg = Release|Any CPU
		{595CEF84-F42A-4E1E-AEAE-989973DCA8C0}.Release|Any CPU.Build.0 = Release|Any CPU
	EndGlobalSection
	GlobalSection(SolutionProperties) = preSolution
		HideSolutionNode = FALSE
	EndGlobalSection
EndGlobal
